
Microsoft Visual Studio Solution File, Format Version 12.00
# Visual Studio Version 17
VisualStudioVersion = 17.10.35013.160
MinimumVisualStudioVersion = 10.0.40219.1
Project("{FAE04EC0-301F-11D3-BF4B-00C04F79EFBC}") = "ConsoleApp6", "ConsoleApp6\ConsoleApp6.csproj", "{448DEF55-7473-4264-878A-7DA30FE21C4F}"
EndProject
Global
	GlobalSection(SolutionConfigurationPlatforms) = preSolution
		Debug|Any CPU = Debug|Any CPU
		Release|Any CPU = Release|Any CPU
	EndGlobalSection
	GlobalSection(ProjectConfigurationPlatforms) = postSolution
		{448DEF55-7473-4264-878A-7DA30FE21C4F}.Debug|Any CPU.ActiveCfg = Debug|Any CPU
		{448DEF55-7473-4264-878A-7DA30FE21C4F}.Debug|Any CPU.Build.0 = Debug|Any CPU
		{448DEF55-7473-4264-878A-7DA30FE21C4F}.Release|Any CPU.ActiveCfg = Release|Any CPU
		{448DEF55-7473-4264-878A-7DA30FE21C4F}.Release|Any CPU.Build.0 = Release|Any CPU
	EndGlobalSection
	GlobalSection(SolutionProperties) = preSolution
		HideSolutionNode = FALSE
	EndGlobalSection
	GlobalSection(ExtensibilityGlobals) = postSolution
		SolutionGuid = {C9BA6103-8AE9-4475-B958-AFAD56109748}
	EndGlobalSection
EndGlobal
